<?xml version="1.0" encoding="utf-8"?>
<Project ToolsVersion="4.0" xmlns="http://schemas.microsoft.com/developer/msbuild/2003">
  <ItemGroup>
    <ClInclude Include="ClassDumper2.h" />
    <ClInclude Include="GUI\Helpers\custom_config.h" />
    <ClInclude Include="GUI\Helpers\ImGuiApp.h" />
    <ClInclude Include="GUI\Helpers\DX12\imgui_impl_dx12.h" />
    <ClInclude Include="GUI\Helpers\DX12\imgui_impl_win32.h" />
    <ClInclude Include="RTTI\RTTI.h" />
    <ClInclude Include="GUI\Interfaces\IWindow.h" />
    <ClInclude Include="GUI\GuiState.h" />
    <ClInclude Include="GUI\MainWindow.h" />
    <ClInclude Include="RTTI\VTable.h" />
    <ClInclude Include="RTTI\Symbols.h" />
    <ClInclude Include="W32\Memory.h" />
    <ClInclude Include="W32\Modules.h" />
    <ClInclude Include="W32\Disassembler.h" />
    <ClInclude Include="Utility\StringConversion.h" />
    <ClInclude Include="Serialization\Serializer.h" />
    <ClInclude Include="RTTI\ClassMetadata.h" />
    <ClInclude Include="GUI\InstanceToolWindow.h" />
    <ClInclude Include="GUI\ClassInspectorWindow.h" />
    <ClInclude Include="GUI\ClassViewerWindow.h" />
  </ItemGroup>
  <ItemGroup>
    <ClCompile Include="ClassDumper2.cpp" />
    <ClCompile Include="GUI\Helpers\ImGuiApp.cpp" />
    <ClCompile Include="GUI\Helpers\DX12\imgui_impl_dx12.cpp" />
    <ClCompile Include="GUI\Helpers\DX12\imgui_impl_win32.cpp" />
    <ClCompile Include="RTTI\RTTI.cpp" />
    <ClCompile Include="GUI\Interfaces\IWindow.cpp" />
    <ClCompile Include="GUI\GuiState.cpp" />
    <ClCompile Include="GUI\MainWindow.cpp" />
    <ClCompile Include="RTTI\VTable.cpp" />
    <ClCompile Include="RTTI\Symbols.cpp" />
    <ClCompile Include="W32\Memory.cpp" />
    <ClCompile Include="W32\Modules.cpp" />
    <ClCompile Include="W32\Disassembler.cpp" />
    <ClCompile Include="Utility\StringConversion.cpp" />
    <ClCompile Include="Serialization\Serializer.cpp" />
    <ClCompile Include="RTTI\ClassMetadata.cpp" />
    <ClCompile Include="GUI\InstanceToolWindow.cpp" />
    <ClCompile Include="GUI\ClassInspectorWindow.cpp" />
    <ClCompile Include="GUI\ClassViewerWindow.cpp" />
  </ItemGroup>
</Project>